
Microsoft Visual Studio Solution File, Format Version 12.00
Project("{FAE04EC0-301F-11D3-BF4B-00C04F79EFBC}") = "CustomerService.Api", "CustomerService.Api\CustomerService.Api.csproj", "{63073824-BC67-4CB0-97A2-F746FB5CF65B}"
EndProject
Global
	GlobalSection(SolutionConfigurationPlatforms) = preSolution
		Debug|Any CPU = Debug|Any CPU
		Release|Any CPU = Release|Any CPU
	EndGlobalSection
	GlobalSection(ProjectConfigurationPlatforms) = postSolution
		{63073824-BC67-4CB0-97A2-F746FB5CF65B}.Debug|Any CPU.ActiveCfg = Debug|Any CPU
		{63073824-BC67-4CB0-97A2-F746FB5CF65B}.Debug|Any CPU.Build.0 = Debug|Any CPU
		{63073824-BC67-4CB0-97A2-F746FB5CF65B}.Release|Any CPU.ActiveCfg = Release|Any CPU
		{63073824-BC67-4CB0-97A2-F746FB5CF65B}.Release|Any CPU.Build.0 = Release|Any CPU
	EndGlobalSection
EndGlobal
